{
  "version": 4,
  "terraform_version": "1.9.5",
  "serial": 15,
  "lineage": "20e21155-e87e-9ed8-99db-c17602777c48",
  "outputs": {
    "bucket_arn": {
      "value": "arn:aws:s3:::remotely-greatly-remotely-moral-cat-environment",
      "type": "string"
    },
    "bucket_domain_name": {
      "value": "remotely-greatly-remotely-moral-cat-environment.s3.amazonaws.com",
      "type": "string"
    },
    "bucket_name": {
      "value": "remotely-greatly-remotely-moral-cat-environment",
      "type": "string"
    },
    "ips_file_path": {
      "value": "remotely-greatly-remotely-moral-cat-environment/config/ips.json",
      "type": "string"
    }
  },
  "resources": [
    {
      "mode": "managed",
      "type": "aws_s3_bucket",
      "name": "manual",
      "provider": "provider[\"registry.terraform.io/hashicorp/aws\"]",
      "instances": [
        {
          "schema_version": 0,
          "attributes": {
            "acceleration_status": "",
            "acl": "private",
            "arn": "arn:aws:s3:::test-airbyte-pedro",
            "bucket": "test-airbyte-pedro",
            "bucket_domain_name": "test-airbyte-pedro.s3.amazonaws.com",
            "bucket_prefix": null,
            "bucket_regional_domain_name": "test-airbyte-pedro.s3.amazonaws.com",
            "cors_rule": [],
            "force_destroy": false,
            "grant": [],
            "hosted_zone_id": "Z3AQBSTGFYJSTF",
            "id": "test-airbyte-pedro",
            "lifecycle_rule": [],
            "logging": [],
            "object_lock_configuration": [],
            "policy": null,
            "region": "us-east-1",
            "replication_configuration": [],
            "request_payer": "BucketOwner",
            "server_side_encryption_configuration": [
              {
                "rule": [
                  {
                    "apply_server_side_encryption_by_default": [
                      {
                        "kms_master_key_id": "",
                        "sse_algorithm": "AES256"
                      }
                    ]
                  }
                ]
              }
            ],
            "tags": {
              "Criado": "17/09/2024",
              "Importado": "18/09/2024",
              "ManagedBy": "Terraform"
            },
            "versioning": [
              {
                "enabled": false,
                "mfa_delete": false
              }
            ],
            "website": [],
            "website_domain": null,
            "website_endpoint": null
          },
          "sensitive_attributes": [],
          "private": "bnVsbA=="
        }
      ]
    },
    {
      "mode": "managed",
      "type": "aws_s3_bucket",
      "name": "this",
      "provider": "provider[\"registry.terraform.io/hashicorp/aws\"]",
      "instances": [
        {
          "schema_version": 0,
          "attributes": {
            "acceleration_status": "",
            "acl": "private",
            "arn": "arn:aws:s3:::remotely-greatly-remotely-moral-cat-environment",
            "bucket": "remotely-greatly-remotely-moral-cat-environment",
            "bucket_domain_name": "remotely-greatly-remotely-moral-cat-environment.s3.amazonaws.com",
            "bucket_prefix": null,
            "bucket_regional_domain_name": "remotely-greatly-remotely-moral-cat-environment.s3.amazonaws.com",
            "cors_rule": [],
            "force_destroy": false,
            "grant": [],
            "hosted_zone_id": "Z3AQBSTGFYJSTF",
            "id": "remotely-greatly-remotely-moral-cat-environment",
            "lifecycle_rule": [],
            "logging": [],
            "object_lock_configuration": [],
            "policy": null,
            "region": "us-east-1",
            "replication_configuration": [],
            "request_payer": "BucketOwner",
            "server_side_encryption_configuration": [
              {
                "rule": [
                  {
                    "apply_server_side_encryption_by_default": [
                      {
                        "kms_master_key_id": "",
                        "sse_algorithm": "AES256"
                      }
                    ]
                  }
                ]
              }
            ],
            "tags": {
              "Environment": "environment",
              "ManagedBy": "Terraform",
              "Owner": "Pedro Galhardi",
              "Service": "Curso Terraform"
            },
            "versioning": [
              {
                "enabled": false,
                "mfa_delete": false
              }
            ],
            "website": [],
            "website_domain": null,
            "website_endpoint": null
          },
          "sensitive_attributes": [],
          "private": "bnVsbA==",
          "dependencies": [
            "random_pet.bucket"
          ]
        }
      ]
    },
    {
      "mode": "managed",
      "type": "aws_s3_bucket_object",
      "name": "random",
      "provider": "provider[\"registry.terraform.io/hashicorp/aws\"]",
      "instances": [
        {
          "schema_version": 0,
          "attributes": {
            "acl": "private",
            "bucket": "remotely-greatly-remotely-moral-cat-environment",
            "cache_control": "",
            "content": null,
            "content_base64": null,
            "content_disposition": "",
            "content_encoding": "",
            "content_language": "",
            "content_type": "application/json",
            "etag": "885150555cdcf0c2a39c5595c1ca4f39",
            "force_destroy": false,
            "id": "config/remotely-greatly-remotely-moral-cat.json",
            "key": "config/remotely-greatly-remotely-moral-cat.json",
            "kms_key_id": null,
            "metadata": {},
            "object_lock_legal_hold_status": "",
            "object_lock_mode": "",
            "object_lock_retain_until_date": "",
            "server_side_encryption": "AES256",
            "source": "ips.json",
            "storage_class": "STANDARD",
            "tags": {
              "Environment": "environment",
              "ManagedBy": "Terraform",
              "Owner": "Pedro Galhardi",
              "Service": "Curso Terraform"
            },
            "version_id": "",
            "website_redirect": ""
          },
          "sensitive_attributes": [],
          "private": "bnVsbA==",
          "dependencies": [
            "aws_s3_bucket.this",
            "random_pet.bucket"
          ]
        }
      ]
    },
    {
      "mode": "managed",
      "type": "aws_s3_bucket_object",
      "name": "this",
      "provider": "provider[\"registry.terraform.io/hashicorp/aws\"]",
      "instances": [
        {
          "schema_version": 0,
          "attributes": {
            "acl": "private",
            "bucket": "remotely-greatly-remotely-moral-cat-environment",
            "cache_control": "",
            "content": null,
            "content_base64": null,
            "content_disposition": "",
            "content_encoding": "",
            "content_language": "",
            "content_type": "application/json",
            "etag": "885150555cdcf0c2a39c5595c1ca4f39",
            "force_destroy": false,
            "id": "config/ips.json",
            "key": "config/ips.json",
            "kms_key_id": null,
            "metadata": {},
            "object_lock_legal_hold_status": "",
            "object_lock_mode": "",
            "object_lock_retain_until_date": "",
            "server_side_encryption": "AES256",
            "source": "ips.json",
            "storage_class": "STANDARD",
            "tags": {
              "Environment": "environment",
              "ManagedBy": "Terraform",
              "Owner": "Pedro Galhardi",
              "Service": "Curso Terraform"
            },
            "version_id": "",
            "website_redirect": ""
          },
          "sensitive_attributes": [],
          "private": "bnVsbA==",
          "dependencies": [
            "aws_s3_bucket.this",
            "random_pet.bucket"
          ]
        }
      ]
    },
    {
      "mode": "managed",
      "type": "random_pet",
      "name": "bucket",
      "provider": "provider[\"registry.terraform.io/hashicorp/random\"]",
      "instances": [
        {
          "schema_version": 0,
          "attributes": {
            "id": "remotely-greatly-remotely-moral-cat",
            "keepers": null,
            "length": 5,
            "prefix": null,
            "separator": "-"
          },
          "sensitive_attributes": []
        }
      ]
    }
  ],
  "check_results": null
}
