{
  "version": 4,
  "terraform_version": "1.9.5",
  "serial": 4,
  "lineage": "e8d9c628-6085-c6b8-343a-ad2ff0ce5f91",
  "outputs": {
    "bucket_arn": {
      "value": "arn:aws:s3:::primarily-solely-constantly-massive-amoeba-dev",
      "type": "string"
    },
    "bucket_domain_name": {
      "value": "primarily-solely-constantly-massive-amoeba-dev.s3.amazonaws.com",
      "type": "string"
    },
    "bucket_name": {
      "value": "primarily-solely-constantly-massive-amoeba-dev",
      "type": "string"
    },
    "vpc_id": {
      "value": "vpc-0e910076dc7a0bb75",
      "type": "string"
    }
  },
  "resources": [
    {
      "mode": "managed",
      "type": "aws_s3_bucket",
      "name": "this",
      "provider": "provider[\"registry.terraform.io/hashicorp/aws\"]",
      "instances": [
        {
          "schema_version": 0,
          "attributes": {
            "acceleration_status": "",
            "acl": "private",
            "arn": "arn:aws:s3:::primarily-solely-constantly-massive-amoeba-dev",
            "bucket": "primarily-solely-constantly-massive-amoeba-dev",
            "bucket_domain_name": "primarily-solely-constantly-massive-amoeba-dev.s3.amazonaws.com",
            "bucket_prefix": null,
            "bucket_regional_domain_name": "primarily-solely-constantly-massive-amoeba-dev.s3.amazonaws.com",
            "cors_rule": [],
            "force_destroy": false,
            "grant": [],
            "hosted_zone_id": "Z3AQBSTGFYJSTF",
            "id": "primarily-solely-constantly-massive-amoeba-dev",
            "lifecycle_rule": [],
            "logging": [],
            "object_lock_configuration": [],
            "policy": null,
            "region": "us-east-1",
            "replication_configuration": [],
            "request_payer": "BucketOwner",
            "server_side_encryption_configuration": [
              {
                "rule": [
                  {
                    "apply_server_side_encryption_by_default": [
                      {
                        "kms_master_key_id": "",
                        "sse_algorithm": "AES256"
                      }
                    ]
                  }
                ]
              }
            ],
            "tags": {
              "Environment": "dev",
              "ManagedBy": "Terraform",
              "Owner": "Pedro Galhardi",
              "Service": "Gerar 2 Remotes States"
            },
            "versioning": [
              {
                "enabled": false,
                "mfa_delete": false
              }
            ],
            "website": [],
            "website_domain": null,
            "website_endpoint": null
          },
          "sensitive_attributes": [],
          "private": "bnVsbA==",
          "dependencies": [
            "random_pet.bucket"
          ]
        }
      ]
    },
    {
      "mode": "managed",
      "type": "aws_vpc",
      "name": "main",
      "provider": "provider[\"registry.terraform.io/hashicorp/aws\"]",
      "instances": [
        {
          "schema_version": 1,
          "attributes": {
            "arn": "arn:aws:ec2:us-east-1:941377150778:vpc/vpc-0e910076dc7a0bb75",
            "assign_generated_ipv6_cidr_block": false,
            "cidr_block": "10.0.0.0/16",
            "default_network_acl_id": "acl-0be0bae44b12a7605",
            "default_route_table_id": "rtb-061ae0fade4c1a97b",
            "default_security_group_id": "sg-0791ea6c58f90da42",
            "dhcp_options_id": "dopt-0ad9b7f4f838626b4",
            "enable_classiclink": false,
            "enable_classiclink_dns_support": false,
            "enable_dns_hostnames": false,
            "enable_dns_support": true,
            "id": "vpc-0e910076dc7a0bb75",
            "instance_tenancy": "default",
            "ipv6_association_id": "",
            "ipv6_cidr_block": "",
            "main_route_table_id": "rtb-061ae0fade4c1a97b",
            "owner_id": "941377150778",
            "tags": {
              "Name": "My-VPC"
            }
          },
          "sensitive_attributes": [],
          "private": "eyJzY2hlbWFfdmVyc2lvbiI6IjEifQ=="
        }
      ]
    },
    {
      "mode": "managed",
      "type": "random_pet",
      "name": "bucket",
      "provider": "provider[\"registry.terraform.io/hashicorp/random\"]",
      "instances": [
        {
          "schema_version": 0,
          "attributes": {
            "id": "primarily-solely-constantly-massive-amoeba",
            "keepers": null,
            "length": 5,
            "prefix": null,
            "separator": "-"
          },
          "sensitive_attributes": []
        }
      ]
    }
  ],
  "check_results": null
}
