{
  "version": 4,
  "terraform_version": "1.9.5",
  "serial": 4,
  "lineage": "9570ef38-a451-236d-8cea-28b758406b78",
  "outputs": {
    "server": {
      "value": {
        "ami": "ami-01d45743337296516",
        "arn": "arn:aws:ec2:us-east-1:941377150778:instance/i-0b56ec6ff513e65a6",
        "id": {
          "ami": "ami-01d45743337296516",
          "arn": "arn:aws:ec2:us-east-1:941377150778:instance/i-0b56ec6ff513e65a6",
          "associate_public_ip_address": true,
          "availability_zone": "us-east-1c",
          "capacity_reservation_specification": [
            {
              "capacity_reservation_preference": "open",
              "capacity_reservation_target": []
            }
          ],
          "cpu_core_count": 1,
          "cpu_options": [
            {
              "amd_sev_snp": "",
              "core_count": 1,
              "threads_per_core": 2
            }
          ],
          "cpu_threads_per_core": 2,
          "credit_specification": [
            {
              "cpu_credits": "unlimited"
            }
          ],
          "disable_api_stop": false,
          "disable_api_termination": false,
          "ebs_block_device": [],
          "ebs_optimized": false,
          "enclave_options": [
            {
              "enabled": false
            }
          ],
          "ephemeral_block_device": [],
          "get_password_data": false,
          "hibernation": false,
          "host_id": "",
          "host_resource_group_arn": null,
          "iam_instance_profile": "",
          "id": "i-0b56ec6ff513e65a6",
          "instance_initiated_shutdown_behavior": "stop",
          "instance_lifecycle": "",
          "instance_market_options": [],
          "instance_state": "running",
          "instance_type": "t3.micro",
          "ipv6_address_count": 0,
          "ipv6_addresses": [],
          "key_name": "",
          "launch_template": [],
          "maintenance_options": [
            {
              "auto_recovery": "default"
            }
          ],
          "metadata_options": [
            {
              "http_endpoint": "enabled",
              "http_protocol_ipv6": "disabled",
              "http_put_response_hop_limit": 1,
              "http_tokens": "optional",
              "instance_metadata_tags": "disabled"
            }
          ],
          "monitoring": false,
          "network_interface": [],
          "outpost_arn": "",
          "password_data": "",
          "placement_group": "",
          "placement_partition_number": 0,
          "primary_network_interface_id": "eni-080f23546103f6dea",
          "private_dns": "ip-172-31-16-98.ec2.internal",
          "private_dns_name_options": [
            {
              "enable_resource_name_dns_a_record": false,
              "enable_resource_name_dns_aaaa_record": false,
              "hostname_type": "ip-name"
            }
          ],
          "private_ip": "172.31.16.98",
          "public_dns": "ec2-54-91-90-242.compute-1.amazonaws.com",
          "public_ip": "54.91.90.242",
          "root_block_device": [
            {
              "delete_on_termination": true,
              "device_name": "/dev/sda1",
              "encrypted": false,
              "iops": 100,
              "kms_key_id": "",
              "tags": {},
              "tags_all": {},
              "throughput": 0,
              "volume_id": "vol-0d3d1fa63459ca128",
              "volume_size": 8,
              "volume_type": "gp2"
            }
          ],
          "secondary_private_ips": [],
          "security_groups": [
            "default"
          ],
          "source_dest_check": true,
          "spot_instance_request_id": "",
          "subnet_id": "subnet-06a81c2a599b68c24",
          "tags": {},
          "tags_all": {},
          "tenancy": "default",
          "timeouts": null,
          "user_data": null,
          "user_data_base64": null,
          "user_data_replace_on_change": false,
          "volume_tags": null,
          "vpc_security_group_ids": [
            "sg-06a5c7b46d11a3b0b"
          ]
        }
      },
      "type": [
        "object",
        {
          "ami": "string",
          "arn": "string",
          "id": [
            "object",
            {
              "ami": "string",
              "arn": "string",
              "associate_public_ip_address": "bool",
              "availability_zone": "string",
              "capacity_reservation_specification": [
                "list",
                [
                  "object",
                  {
                    "capacity_reservation_preference": "string",
                    "capacity_reservation_target": [
                      "list",
                      [
                        "object",
                        {
                          "capacity_reservation_id": "string",
                          "capacity_reservation_resource_group_arn": "string"
                        }
                      ]
                    ]
                  }
                ]
              ],
              "cpu_core_count": "number",
              "cpu_options": [
                "list",
                [
                  "object",
                  {
                    "amd_sev_snp": "string",
                    "core_count": "number",
                    "threads_per_core": "number"
                  }
                ]
              ],
              "cpu_threads_per_core": "number",
              "credit_specification": [
                "list",
                [
                  "object",
                  {
                    "cpu_credits": "string"
                  }
                ]
              ],
              "disable_api_stop": "bool",
              "disable_api_termination": "bool",
              "ebs_block_device": [
                "set",
                [
                  "object",
                  {
                    "delete_on_termination": "bool",
                    "device_name": "string",
                    "encrypted": "bool",
                    "iops": "number",
                    "kms_key_id": "string",
                    "snapshot_id": "string",
                    "tags": [
                      "map",
                      "string"
                    ],
                    "tags_all": [
                      "map",
                      "string"
                    ],
                    "throughput": "number",
                    "volume_id": "string",
                    "volume_size": "number",
                    "volume_type": "string"
                  }
                ]
              ],
              "ebs_optimized": "bool",
              "enclave_options": [
                "list",
                [
                  "object",
                  {
                    "enabled": "bool"
                  }
                ]
              ],
              "ephemeral_block_device": [
                "set",
                [
                  "object",
                  {
                    "device_name": "string",
                    "no_device": "bool",
                    "virtual_name": "string"
                  }
                ]
              ],
              "get_password_data": "bool",
              "hibernation": "bool",
              "host_id": "string",
              "host_resource_group_arn": "string",
              "iam_instance_profile": "string",
              "id": "string",
              "instance_initiated_shutdown_behavior": "string",
              "instance_lifecycle": "string",
              "instance_market_options": [
                "list",
                [
                  "object",
                  {
                    "market_type": "string",
                    "spot_options": [
                      "list",
                      [
                        "object",
                        {
                          "instance_interruption_behavior": "string",
                          "max_price": "string",
                          "spot_instance_type": "string",
                          "valid_until": "string"
                        }
                      ]
                    ]
                  }
                ]
              ],
              "instance_state": "string",
              "instance_type": "string",
              "ipv6_address_count": "number",
              "ipv6_addresses": [
                "list",
                "string"
              ],
              "key_name": "string",
              "launch_template": [
                "list",
                [
                  "object",
                  {
                    "id": "string",
                    "name": "string",
                    "version": "string"
                  }
                ]
              ],
              "maintenance_options": [
                "list",
                [
                  "object",
                  {
                    "auto_recovery": "string"
                  }
                ]
              ],
              "metadata_options": [
                "list",
                [
                  "object",
                  {
                    "http_endpoint": "string",
                    "http_protocol_ipv6": "string",
                    "http_put_response_hop_limit": "number",
                    "http_tokens": "string",
                    "instance_metadata_tags": "string"
                  }
                ]
              ],
              "monitoring": "bool",
              "network_interface": [
                "set",
                [
                  "object",
                  {
                    "delete_on_termination": "bool",
                    "device_index": "number",
                    "network_card_index": "number",
                    "network_interface_id": "string"
                  }
                ]
              ],
              "outpost_arn": "string",
              "password_data": "string",
              "placement_group": "string",
              "placement_partition_number": "number",
              "primary_network_interface_id": "string",
              "private_dns": "string",
              "private_dns_name_options": [
                "list",
                [
                  "object",
                  {
                    "enable_resource_name_dns_a_record": "bool",
                    "enable_resource_name_dns_aaaa_record": "bool",
                    "hostname_type": "string"
                  }
                ]
              ],
              "private_ip": "string",
              "public_dns": "string",
              "public_ip": "string",
              "root_block_device": [
                "list",
                [
                  "object",
                  {
                    "delete_on_termination": "bool",
                    "device_name": "string",
                    "encrypted": "bool",
                    "iops": "number",
                    "kms_key_id": "string",
                    "tags": [
                      "map",
                      "string"
                    ],
                    "tags_all": [
                      "map",
                      "string"
                    ],
                    "throughput": "number",
                    "volume_id": "string",
                    "volume_size": "number",
                    "volume_type": "string"
                  }
                ]
              ],
              "secondary_private_ips": [
                "set",
                "string"
              ],
              "security_groups": [
                "set",
                "string"
              ],
              "source_dest_check": "bool",
              "spot_instance_request_id": "string",
              "subnet_id": "string",
              "tags": [
                "map",
                "string"
              ],
              "tags_all": [
                "map",
                "string"
              ],
              "tenancy": "string",
              "timeouts": [
                "object",
                {
                  "create": "string",
                  "delete": "string",
                  "read": "string",
                  "update": "string"
                }
              ],
              "user_data": "string",
              "user_data_base64": "string",
              "user_data_replace_on_change": "bool",
              "volume_tags": [
                "map",
                "string"
              ],
              "vpc_security_group_ids": [
                "set",
                "string"
              ]
            }
          ]
        }
      ]
    }
  },
  "resources": [
    {
      "mode": "data",
      "type": "terraform_remote_state",
      "name": "server",
      "provider": "provider[\"terraform.io/builtin/terraform\"]",
      "instances": [
        {
          "schema_version": 0,
          "attributes": {
            "backend": "s3",
            "config": {
              "value": {
                "bucket": "tfstate-941377150778",
                "key": "dev/06-data-source/terraform.tfsate",
                "profile": "default",
                "region": "us-east-1"
              },
              "type": [
                "object",
                {
                  "bucket": "string",
                  "key": "string",
                  "profile": "string",
                  "region": "string"
                }
              ]
            },
            "defaults": null,
            "outputs": {
              "value": {
                "ami": "ami-01d45743337296516",
                "arn": "arn:aws:ec2:us-east-1:941377150778:instance/i-0b56ec6ff513e65a6",
                "id": {
                  "ami": "ami-01d45743337296516",
                  "arn": "arn:aws:ec2:us-east-1:941377150778:instance/i-0b56ec6ff513e65a6",
                  "associate_public_ip_address": true,
                  "availability_zone": "us-east-1c",
                  "capacity_reservation_specification": [
                    {
                      "capacity_reservation_preference": "open",
                      "capacity_reservation_target": []
                    }
                  ],
                  "cpu_core_count": 1,
                  "cpu_options": [
                    {
                      "amd_sev_snp": "",
                      "core_count": 1,
                      "threads_per_core": 2
                    }
                  ],
                  "cpu_threads_per_core": 2,
                  "credit_specification": [
                    {
                      "cpu_credits": "unlimited"
                    }
                  ],
                  "disable_api_stop": false,
                  "disable_api_termination": false,
                  "ebs_block_device": [],
                  "ebs_optimized": false,
                  "enclave_options": [
                    {
                      "enabled": false
                    }
                  ],
                  "ephemeral_block_device": [],
                  "get_password_data": false,
                  "hibernation": false,
                  "host_id": "",
                  "host_resource_group_arn": null,
                  "iam_instance_profile": "",
                  "id": "i-0b56ec6ff513e65a6",
                  "instance_initiated_shutdown_behavior": "stop",
                  "instance_lifecycle": "",
                  "instance_market_options": [],
                  "instance_state": "running",
                  "instance_type": "t3.micro",
                  "ipv6_address_count": 0,
                  "ipv6_addresses": [],
                  "key_name": "",
                  "launch_template": [],
                  "maintenance_options": [
                    {
                      "auto_recovery": "default"
                    }
                  ],
                  "metadata_options": [
                    {
                      "http_endpoint": "enabled",
                      "http_protocol_ipv6": "disabled",
                      "http_put_response_hop_limit": 1,
                      "http_tokens": "optional",
                      "instance_metadata_tags": "disabled"
                    }
                  ],
                  "monitoring": false,
                  "network_interface": [],
                  "outpost_arn": "",
                  "password_data": "",
                  "placement_group": "",
                  "placement_partition_number": 0,
                  "primary_network_interface_id": "eni-080f23546103f6dea",
                  "private_dns": "ip-172-31-16-98.ec2.internal",
                  "private_dns_name_options": [
                    {
                      "enable_resource_name_dns_a_record": false,
                      "enable_resource_name_dns_aaaa_record": false,
                      "hostname_type": "ip-name"
                    }
                  ],
                  "private_ip": "172.31.16.98",
                  "public_dns": "ec2-54-91-90-242.compute-1.amazonaws.com",
                  "public_ip": "54.91.90.242",
                  "root_block_device": [
                    {
                      "delete_on_termination": true,
                      "device_name": "/dev/sda1",
                      "encrypted": false,
                      "iops": 100,
                      "kms_key_id": "",
                      "tags": {},
                      "tags_all": {},
                      "throughput": 0,
                      "volume_id": "vol-0d3d1fa63459ca128",
                      "volume_size": 8,
                      "volume_type": "gp2"
                    }
                  ],
                  "secondary_private_ips": [],
                  "security_groups": [
                    "default"
                  ],
                  "source_dest_check": true,
                  "spot_instance_request_id": "",
                  "subnet_id": "subnet-06a81c2a599b68c24",
                  "tags": {},
                  "tags_all": {},
                  "tenancy": "default",
                  "timeouts": null,
                  "user_data": null,
                  "user_data_base64": null,
                  "user_data_replace_on_change": false,
                  "volume_tags": null,
                  "vpc_security_group_ids": [
                    "sg-06a5c7b46d11a3b0b"
                  ]
                }
              },
              "type": [
                "object",
                {
                  "ami": "string",
                  "arn": "string",
                  "id": [
                    "object",
                    {
                      "ami": "string",
                      "arn": "string",
                      "associate_public_ip_address": "bool",
                      "availability_zone": "string",
                      "capacity_reservation_specification": [
                        "list",
                        [
                          "object",
                          {
                            "capacity_reservation_preference": "string",
                            "capacity_reservation_target": [
                              "list",
                              [
                                "object",
                                {
                                  "capacity_reservation_id": "string",
                                  "capacity_reservation_resource_group_arn": "string"
                                }
                              ]
                            ]
                          }
                        ]
                      ],
                      "cpu_core_count": "number",
                      "cpu_options": [
                        "list",
                        [
                          "object",
                          {
                            "amd_sev_snp": "string",
                            "core_count": "number",
                            "threads_per_core": "number"
                          }
                        ]
                      ],
                      "cpu_threads_per_core": "number",
                      "credit_specification": [
                        "list",
                        [
                          "object",
                          {
                            "cpu_credits": "string"
                          }
                        ]
                      ],
                      "disable_api_stop": "bool",
                      "disable_api_termination": "bool",
                      "ebs_block_device": [
                        "set",
                        [
                          "object",
                          {
                            "delete_on_termination": "bool",
                            "device_name": "string",
                            "encrypted": "bool",
                            "iops": "number",
                            "kms_key_id": "string",
                            "snapshot_id": "string",
                            "tags": [
                              "map",
                              "string"
                            ],
                            "tags_all": [
                              "map",
                              "string"
                            ],
                            "throughput": "number",
                            "volume_id": "string",
                            "volume_size": "number",
                            "volume_type": "string"
                          }
                        ]
                      ],
                      "ebs_optimized": "bool",
                      "enclave_options": [
                        "list",
                        [
                          "object",
                          {
                            "enabled": "bool"
                          }
                        ]
                      ],
                      "ephemeral_block_device": [
                        "set",
                        [
                          "object",
                          {
                            "device_name": "string",
                            "no_device": "bool",
                            "virtual_name": "string"
                          }
                        ]
                      ],
                      "get_password_data": "bool",
                      "hibernation": "bool",
                      "host_id": "string",
                      "host_resource_group_arn": "string",
                      "iam_instance_profile": "string",
                      "id": "string",
                      "instance_initiated_shutdown_behavior": "string",
                      "instance_lifecycle": "string",
                      "instance_market_options": [
                        "list",
                        [
                          "object",
                          {
                            "market_type": "string",
                            "spot_options": [
                              "list",
                              [
                                "object",
                                {
                                  "instance_interruption_behavior": "string",
                                  "max_price": "string",
                                  "spot_instance_type": "string",
                                  "valid_until": "string"
                                }
                              ]
                            ]
                          }
                        ]
                      ],
                      "instance_state": "string",
                      "instance_type": "string",
                      "ipv6_address_count": "number",
                      "ipv6_addresses": [
                        "list",
                        "string"
                      ],
                      "key_name": "string",
                      "launch_template": [
                        "list",
                        [
                          "object",
                          {
                            "id": "string",
                            "name": "string",
                            "version": "string"
                          }
                        ]
                      ],
                      "maintenance_options": [
                        "list",
                        [
                          "object",
                          {
                            "auto_recovery": "string"
                          }
                        ]
                      ],
                      "metadata_options": [
                        "list",
                        [
                          "object",
                          {
                            "http_endpoint": "string",
                            "http_protocol_ipv6": "string",
                            "http_put_response_hop_limit": "number",
                            "http_tokens": "string",
                            "instance_metadata_tags": "string"
                          }
                        ]
                      ],
                      "monitoring": "bool",
                      "network_interface": [
                        "set",
                        [
                          "object",
                          {
                            "delete_on_termination": "bool",
                            "device_index": "number",
                            "network_card_index": "number",
                            "network_interface_id": "string"
                          }
                        ]
                      ],
                      "outpost_arn": "string",
                      "password_data": "string",
                      "placement_group": "string",
                      "placement_partition_number": "number",
                      "primary_network_interface_id": "string",
                      "private_dns": "string",
                      "private_dns_name_options": [
                        "list",
                        [
                          "object",
                          {
                            "enable_resource_name_dns_a_record": "bool",
                            "enable_resource_name_dns_aaaa_record": "bool",
                            "hostname_type": "string"
                          }
                        ]
                      ],
                      "private_ip": "string",
                      "public_dns": "string",
                      "public_ip": "string",
                      "root_block_device": [
                        "list",
                        [
                          "object",
                          {
                            "delete_on_termination": "bool",
                            "device_name": "string",
                            "encrypted": "bool",
                            "iops": "number",
                            "kms_key_id": "string",
                            "tags": [
                              "map",
                              "string"
                            ],
                            "tags_all": [
                              "map",
                              "string"
                            ],
                            "throughput": "number",
                            "volume_id": "string",
                            "volume_size": "number",
                            "volume_type": "string"
                          }
                        ]
                      ],
                      "secondary_private_ips": [
                        "set",
                        "string"
                      ],
                      "security_groups": [
                        "set",
                        "string"
                      ],
                      "source_dest_check": "bool",
                      "spot_instance_request_id": "string",
                      "subnet_id": "string",
                      "tags": [
                        "map",
                        "string"
                      ],
                      "tags_all": [
                        "map",
                        "string"
                      ],
                      "tenancy": "string",
                      "timeouts": [
                        "object",
                        {
                          "create": "string",
                          "delete": "string",
                          "read": "string",
                          "update": "string"
                        }
                      ],
                      "user_data": "string",
                      "user_data_base64": "string",
                      "user_data_replace_on_change": "bool",
                      "volume_tags": [
                        "map",
                        "string"
                      ],
                      "vpc_security_group_ids": [
                        "set",
                        "string"
                      ]
                    }
                  ]
                }
              ]
            },
            "workspace": null
          },
          "sensitive_attributes": []
        }
      ]
    },
    {
      "mode": "managed",
      "type": "aws_s3_bucket",
      "name": "this",
      "provider": "provider[\"registry.terraform.io/hashicorp/aws\"]",
      "instances": [
        {
          "schema_version": 0,
          "attributes": {
            "acceleration_status": "",
            "acl": null,
            "arn": "arn:aws:s3:::my-bucket-gently-accurately-oddly-inviting-pika",
            "bucket": "my-bucket-gently-accurately-oddly-inviting-pika",
            "bucket_domain_name": "my-bucket-gently-accurately-oddly-inviting-pika.s3.amazonaws.com",
            "bucket_prefix": "",
            "bucket_regional_domain_name": "my-bucket-gently-accurately-oddly-inviting-pika.s3.us-east-1.amazonaws.com",
            "cors_rule": [],
            "force_destroy": false,
            "grant": [
              {
                "id": "469bf2c0acc18187a6292f488a523c86c394bfe7dd40c0045b6b7143f8f6fe64",
                "permissions": [
                  "FULL_CONTROL"
                ],
                "type": "CanonicalUser",
                "uri": ""
              }
            ],
            "hosted_zone_id": "Z3AQBSTGFYJSTF",
            "id": "my-bucket-gently-accurately-oddly-inviting-pika",
            "lifecycle_rule": [],
            "logging": [],
            "object_lock_configuration": [],
            "object_lock_enabled": false,
            "policy": "",
            "region": "us-east-1",
            "replication_configuration": [],
            "request_payer": "BucketOwner",
            "server_side_encryption_configuration": [
              {
                "rule": [
                  {
                    "apply_server_side_encryption_by_default": [
                      {
                        "kms_master_key_id": "",
                        "sse_algorithm": "AES256"
                      }
                    ],
                    "bucket_key_enabled": false
                  }
                ]
              }
            ],
            "tags": null,
            "tags_all": {},
            "timeouts": null,
            "versioning": [
              {
                "enabled": false,
                "mfa_delete": false
              }
            ],
            "website": [],
            "website_domain": null,
            "website_endpoint": null
          },
          "sensitive_attributes": [],
          "private": "eyJlMmJmYjczMC1lY2FhLTExZTYtOGY4OC0zNDM2M2JjN2M0YzAiOnsiY3JlYXRlIjoxMjAwMDAwMDAwMDAwLCJkZWxldGUiOjM2MDAwMDAwMDAwMDAsInJlYWQiOjEyMDAwMDAwMDAwMDAsInVwZGF0ZSI6MTIwMDAwMDAwMDAwMH19",
          "dependencies": [
            "random_pet.this"
          ]
        }
      ]
    },
    {
      "mode": "managed",
      "type": "aws_s3_bucket_object",
      "name": "this",
      "provider": "provider[\"registry.terraform.io/hashicorp/aws\"]",
      "instances": [
        {
          "schema_version": 0,
          "attributes": {
            "acl": "private",
            "arn": "arn:aws:s3:::my-bucket-gently-accurately-oddly-inviting-pika/instances/instances-ami-01d45743337296516.json",
            "bucket": "my-bucket-gently-accurately-oddly-inviting-pika",
            "bucket_key_enabled": false,
            "cache_control": "",
            "content": null,
            "content_base64": null,
            "content_disposition": "",
            "content_encoding": "",
            "content_language": "",
            "content_type": "application/json",
            "etag": "d41d8cd98f00b204e9800998ecf8427e",
            "force_destroy": false,
            "id": "instances/instances-ami-01d45743337296516.json",
            "key": "instances/instances-ami-01d45743337296516.json",
            "kms_key_id": null,
            "metadata": null,
            "object_lock_legal_hold_status": "",
            "object_lock_mode": "",
            "object_lock_retain_until_date": "",
            "server_side_encryption": "AES256",
            "source": "outputs.json",
            "source_hash": null,
            "storage_class": "STANDARD",
            "tags": null,
            "tags_all": {},
            "version_id": "",
            "website_redirect": ""
          },
          "sensitive_attributes": [],
          "private": "bnVsbA==",
          "dependencies": [
            "aws_s3_bucket.this",
            "data.terraform_remote_state.server",
            "random_pet.this"
          ]
        }
      ]
    },
    {
      "mode": "managed",
      "type": "random_pet",
      "name": "this",
      "provider": "provider[\"registry.terraform.io/hashicorp/random\"]",
      "instances": [
        {
          "schema_version": 0,
          "attributes": {
            "id": "gently-accurately-oddly-inviting-pika",
            "keepers": null,
            "length": 5,
            "prefix": null,
            "separator": "-"
          },
          "sensitive_attributes": []
        }
      ]
    }
  ],
  "check_results": null
}
